
Microsoft Visual Studio Solution File, Format Version 12.00
# Visual Studio Version 17
VisualStudioVersion = 17.6.33723.286
MinimumVisualStudioVersion = 10.0.40219.1
Project("{FAE04EC0-301F-11D3-BF4B-00C04F79EFBC}") = "CoolooAI.CpuGpuTemperature", "CoolooAI.CpuGpuTemperature.csproj", "{F84BF235-9A48-4D37-8C23-915655B1B7FE}"
EndProject
Global
	GlobalSection(SolutionConfigurationPlatforms) = preSolution
		Debug|Any CPU = Debug|Any CPU
		Release|Any CPU = Release|Any CPU
	EndGlobalSection
	GlobalSection(ProjectConfigurationPlatforms) = postSolution
		{F84BF235-9A48-4D37-8C23-915655B1B7FE}.Debug|Any CPU.ActiveCfg = Debug|Any CPU
		{F84BF235-9A48-4D37-8C23-915655B1B7FE}.Debug|Any CPU.Build.0 = Debug|Any CPU
		{F84BF235-9A48-4D37-8C23-915655B1B7FE}.Release|Any CPU.ActiveCfg = Release|Any CPU
		{F84BF235-9A48-4D37-8C23-915655B1B7FE}.Release|Any CPU.Build.0 = Release|Any CPU
	EndGlobalSection
	GlobalSection(SolutionProperties) = preSolution
		HideSolutionNode = FALSE
	EndGlobalSection
	GlobalSection(ExtensibilityGlobals) = postSolution
		SolutionGuid = {F6B43464-19AF-45A1-9D60-2D7314285F94}
	EndGlobalSection
EndGlobal
